# This file was autogenerated by Stack.
# You should not edit this file by hand.
# For more information, please see the documentation at:
#   https://docs.haskellstack.org/en/stable/lock_files

packages:
- completed:
    hackage: tar-0.6.2.0@sha256:619828cae098a7b6deeb0316e12f55011101d88f756787ed024ceedb81cf1eba,4576
    pantry-tree:
      sha256: 1dde50961e9d1a6e6f820d918c0edbbd9673c83afdd300e0aae40a691e8151df
      size: 2168
  original:
    hackage: tar-0.6.2.0@sha256:619828cae098a7b6deeb0316e12f55011101d88f756787ed024ceedb81cf1eba,4576
- completed:
    hackage: os-string-2.0.2.1@sha256:0bf4ff8f387d7fd05a43c18fa677dd02259c99d63c2d02c5823f152736513bef,3261
    pantry-tree:
      sha256: caa0b78b83a9d429324784e239c9bf33017f9f4a3c34ec8392b3d8a1e8968bd6
      size: 2217
  original:
    hackage: os-string-2.0.2.1@sha256:0bf4ff8f387d7fd05a43c18fa677dd02259c99d63c2d02c5823f152736513bef,3261
snapshots:
- completed:
    sha256: 5a59b2a405b3aba3c00188453be172b85893cab8ebc352b1ef58b0eae5d248a2
    size: 650475
    url: https://raw.githubusercontent.com/commercialhaskell/stackage-snapshots/master/lts/20/26.yaml
  original: lts-20.26
